
Microsoft Visual Studio Solution File, Format Version 12.00
# Visual Studio 15
VisualStudioVersion = 15.0.28010.2041
MinimumVisualStudioVersion = 10.0.40219.1
Project("{FAE04EC0-301F-11D3-BF4B-00C04F79EFBC}") = "LinkDownLoaderGUI", "LinkDownLoaderGUI\LinkDownLoaderGUI.csproj", "{665B3F98-7648-459D-85CF-5E8FAF669329}"
EndProject
Global
	GlobalSection(SolutionConfigurationPlatforms) = preSolution
		Debug|Any CPU = Debug|Any CPU
		Release|Any CPU = Release|Any CPU
	EndGlobalSection
	GlobalSection(ProjectConfigurationPlatforms) = postSolution
		{665B3F98-7648-459D-85CF-5E8FAF669329}.Debug|Any CPU.ActiveCfg = Debug|Any CPU
		{665B3F98-7648-459D-85CF-5E8FAF669329}.Debug|Any CPU.Build.0 = Debug|Any CPU
		{665B3F98-7648-459D-85CF-5E8FAF669329}.Release|Any CPU.ActiveCfg = Release|Any CPU
		{665B3F98-7648-459D-85CF-5E8FAF669329}.Release|Any CPU.Build.0 = Release|Any CPU
	EndGlobalSection
	GlobalSection(SolutionProperties) = preSolution
		HideSolutionNode = FALSE
	EndGlobalSection
	GlobalSection(ExtensibilityGlobals) = postSolution
		SolutionGuid = {F70F6CE0-2F21-4B39-B872-9625B7E5B43D}
	EndGlobalSection
EndGlobal
